
Microsoft Visual Studio Solution File, Format Version 12.00
# Visual Studio Version 17
VisualStudioVersion = 17.0.32014.148
MinimumVisualStudioVersion = 10.0.40219.1
Project("{2150E333-8FDC-42A3-9474-1A3956D46DE8}") = "src", "src", "{D82814C4-0618-43BE-BDEC-8788B89CA8BD}"
EndProject
Project("{2150E333-8FDC-42A3-9474-1A3956D46DE8}") = "Building Blocks", "Building Blocks", "{01524907-408C-4E47-94E1-EFBB5C1A5821}"
EndProject
Project("{2150E333-8FDC-42A3-9474-1A3956D46DE8}") = "Services", "Services", "{547C9801-7023-4609-AE85-12DAFF11159C}"
EndProject
Project("{2150E333-8FDC-42A3-9474-1A3956D46DE8}") = "Web", "Web", "{F5BA7E52-4DD3-48F9-9E50-25861811E1C3}"
EndProject
Project("{2150E333-8FDC-42A3-9474-1A3956D46DE8}") = "Identidade", "Identidade", "{FCD45CB8-6C8B-4CDE-BEA0-A2CD8227C4FB}"
EndProject
Project("{9A19103F-16F7-4668-BE54-9A1E7A4F7556}") = "NSE.Identidade.API", "src\services\NSE.Identidade.API\NSE.Identidade.API.csproj", "{FDFD8ABC-3BCB-489D-A0C9-22ECADE3289D}"
EndProject
Project("{2150E333-8FDC-42A3-9474-1A3956D46DE8}") = "MVC", "MVC", "{2081BF9B-3A88-4D57-914A-8101E8138F68}"
EndProject
Project("{FAE04EC0-301F-11D3-BF4B-00C04F79EFBC}") = "NSE.WebApp.MVC", "src\web\NSE.WebApp.MVC\NSE.WebApp.MVC.csproj", "{BB7BA6E1-B8C8-483F-B85D-94D871D819B0}"
EndProject
Project("{2150E333-8FDC-42A3-9474-1A3956D46DE8}") = "Core", "Core", "{922DCD1E-39F2-4DFE-8626-48FF0892964D}"
EndProject
Project("{FAE04EC0-301F-11D3-BF4B-00C04F79EFBC}") = "NSE.Core", "src\building blocks\NSE.Core\NSE.Core.csproj", "{01AA9804-A46A-485F-8506-183F6C9E8607}"
EndProject
Project("{FAE04EC0-301F-11D3-BF4B-00C04F79EFBC}") = "NSE.Carrinho.API", "src\services\NSE.Carrinho.API\NSE.Carrinho.API.csproj", "{57868560-459B-43D0-B836-651211F96E0E}"
EndProject
Project("{2150E333-8FDC-42A3-9474-1A3956D46DE8}") = "Carrinho", "Carrinho", "{09F712DC-BBAB-48DC-B098-D33B96C32842}"
EndProject
Project("{FAE04EC0-301F-11D3-BF4B-00C04F79EFBC}") = "NSE.Catalogo.API", "src\services\NSE.Catalogo.API\NSE.Catalogo.API.csproj", "{54ADD713-1104-4DD9-84F9-68E0DF49AAE4}"
EndProject
Project("{2150E333-8FDC-42A3-9474-1A3956D46DE8}") = "Catalogo", "Catalogo", "{CC16AA6D-331B-4C46-A8B7-D9BA57EB5F29}"
EndProject
Project("{2150E333-8FDC-42A3-9474-1A3956D46DE8}") = "Cliente", "Cliente", "{CCB36016-20F7-4E57-AF97-B24226BFE33C}"
EndProject
Project("{2150E333-8FDC-42A3-9474-1A3956D46DE8}") = "Pagamento", "Pagamento", "{090B5368-708A-43D7-934E-677B13AFEAC7}"
EndProject
Project("{2150E333-8FDC-42A3-9474-1A3956D46DE8}") = "Pedido", "Pedido", "{94077A53-BE88-4A14-821D-6BF2C8D83D55}"
EndProject
Project("{FAE04EC0-301F-11D3-BF4B-00C04F79EFBC}") = "NSE.Cliente.API", "src\services\NSE.Cliente.API\NSE.Cliente.API.csproj", "{56F53493-69D9-4113-A5D1-1ADF5E4FFA5E}"
EndProject
Project("{FAE04EC0-301F-11D3-BF4B-00C04F79EFBC}") = "NSE.Pagamento.API", "src\services\NSE.Pagamento.API\NSE.Pagamento.API.csproj", "{EA43B986-EC21-4918-97E3-B3C7FD758E5B}"
EndProject
Project("{FAE04EC0-301F-11D3-BF4B-00C04F79EFBC}") = "NSE.Pedido.API", "src\services\NSE.Pedido.API\NSE.Pedido.API.csproj", "{9399D186-571E-47AC-8B14-52634E9CFE21}"
EndProject
Global
	GlobalSection(SolutionConfigurationPlatforms) = preSolution
		Debug|Any CPU = Debug|Any CPU
		Release|Any CPU = Release|Any CPU
	EndGlobalSection
	GlobalSection(ProjectConfigurationPlatforms) = postSolution
		{FDFD8ABC-3BCB-489D-A0C9-22ECADE3289D}.Debug|Any CPU.ActiveCfg = Debug|Any CPU
		{FDFD8ABC-3BCB-489D-A0C9-22ECADE3289D}.Debug|Any CPU.Build.0 = Debug|Any CPU
		{FDFD8ABC-3BCB-489D-A0C9-22ECADE3289D}.Release|Any CPU.ActiveCfg = Release|Any CPU
		{FDFD8ABC-3BCB-489D-A0C9-22ECADE3289D}.Release|Any CPU.Build.0 = Release|Any CPU
		{BB7BA6E1-B8C8-483F-B85D-94D871D819B0}.Debug|Any CPU.ActiveCfg = Debug|Any CPU
		{BB7BA6E1-B8C8-483F-B85D-94D871D819B0}.Debug|Any CPU.Build.0 = Debug|Any CPU
		{BB7BA6E1-B8C8-483F-B85D-94D871D819B0}.Release|Any CPU.ActiveCfg = Release|Any CPU
		{BB7BA6E1-B8C8-483F-B85D-94D871D819B0}.Release|Any CPU.Build.0 = Release|Any CPU
		{01AA9804-A46A-485F-8506-183F6C9E8607}.Debug|Any CPU.ActiveCfg = Debug|Any CPU
		{01AA9804-A46A-485F-8506-183F6C9E8607}.Debug|Any CPU.Build.0 = Debug|Any CPU
		{01AA9804-A46A-485F-8506-183F6C9E8607}.Release|Any CPU.ActiveCfg = Release|Any CPU
		{01AA9804-A46A-485F-8506-183F6C9E8607}.Release|Any CPU.Build.0 = Release|Any CPU
		{57868560-459B-43D0-B836-651211F96E0E}.Debug|Any CPU.ActiveCfg = Debug|Any CPU
		{57868560-459B-43D0-B836-651211F96E0E}.Debug|Any CPU.Build.0 = Debug|Any CPU
		{57868560-459B-43D0-B836-651211F96E0E}.Release|Any CPU.ActiveCfg = Release|Any CPU
		{57868560-459B-43D0-B836-651211F96E0E}.Release|Any CPU.Build.0 = Release|Any CPU
		{54ADD713-1104-4DD9-84F9-68E0DF49AAE4}.Debug|Any CPU.ActiveCfg = Debug|Any CPU
		{54ADD713-1104-4DD9-84F9-68E0DF49AAE4}.Debug|Any CPU.Build.0 = Debug|Any CPU
		{54ADD713-1104-4DD9-84F9-68E0DF49AAE4}.Release|Any CPU.ActiveCfg = Release|Any CPU
		{54ADD713-1104-4DD9-84F9-68E0DF49AAE4}.Release|Any CPU.Build.0 = Release|Any CPU
		{56F53493-69D9-4113-A5D1-1ADF5E4FFA5E}.Debug|Any CPU.ActiveCfg = Debug|Any CPU
		{56F53493-69D9-4113-A5D1-1ADF5E4FFA5E}.Debug|Any CPU.Build.0 = Debug|Any CPU
		{56F53493-69D9-4113-A5D1-1ADF5E4FFA5E}.Release|Any CPU.ActiveCfg = Release|Any CPU
		{56F53493-69D9-4113-A5D1-1ADF5E4FFA5E}.Release|Any CPU.Build.0 = Release|Any CPU
		{EA43B986-EC21-4918-97E3-B3C7FD758E5B}.Debug|Any CPU.ActiveCfg = Debug|Any CPU
		{EA43B986-EC21-4918-97E3-B3C7FD758E5B}.Debug|Any CPU.Build.0 = Debug|Any CPU
		{EA43B986-EC21-4918-97E3-B3C7FD758E5B}.Release|Any CPU.ActiveCfg = Release|Any CPU
		{EA43B986-EC21-4918-97E3-B3C7FD758E5B}.Release|Any CPU.Build.0 = Release|Any CPU
		{9399D186-571E-47AC-8B14-52634E9CFE21}.Debug|Any CPU.ActiveCfg = Debug|Any CPU
		{9399D186-571E-47AC-8B14-52634E9CFE21}.Debug|Any CPU.Build.0 = Debug|Any CPU
		{9399D186-571E-47AC-8B14-52634E9CFE21}.Release|Any CPU.ActiveCfg = Release|Any CPU
		{9399D186-571E-47AC-8B14-52634E9CFE21}.Release|Any CPU.Build.0 = Release|Any CPU
	EndGlobalSection
	GlobalSection(SolutionProperties) = preSolution
		HideSolutionNode = FALSE
	EndGlobalSection
	GlobalSection(NestedProjects) = preSolution
		{01524907-408C-4E47-94E1-EFBB5C1A5821} = {D82814C4-0618-43BE-BDEC-8788B89CA8BD}
		{547C9801-7023-4609-AE85-12DAFF11159C} = {D82814C4-0618-43BE-BDEC-8788B89CA8BD}
		{F5BA7E52-4DD3-48F9-9E50-25861811E1C3} = {D82814C4-0618-43BE-BDEC-8788B89CA8BD}
		{FCD45CB8-6C8B-4CDE-BEA0-A2CD8227C4FB} = {547C9801-7023-4609-AE85-12DAFF11159C}
		{FDFD8ABC-3BCB-489D-A0C9-22ECADE3289D} = {FCD45CB8-6C8B-4CDE-BEA0-A2CD8227C4FB}
		{2081BF9B-3A88-4D57-914A-8101E8138F68} = {F5BA7E52-4DD3-48F9-9E50-25861811E1C3}
		{BB7BA6E1-B8C8-483F-B85D-94D871D819B0} = {2081BF9B-3A88-4D57-914A-8101E8138F68}
		{922DCD1E-39F2-4DFE-8626-48FF0892964D} = {01524907-408C-4E47-94E1-EFBB5C1A5821}
		{01AA9804-A46A-485F-8506-183F6C9E8607} = {922DCD1E-39F2-4DFE-8626-48FF0892964D}
		{57868560-459B-43D0-B836-651211F96E0E} = {09F712DC-BBAB-48DC-B098-D33B96C32842}
		{09F712DC-BBAB-48DC-B098-D33B96C32842} = {547C9801-7023-4609-AE85-12DAFF11159C}
		{54ADD713-1104-4DD9-84F9-68E0DF49AAE4} = {CC16AA6D-331B-4C46-A8B7-D9BA57EB5F29}
		{CC16AA6D-331B-4C46-A8B7-D9BA57EB5F29} = {547C9801-7023-4609-AE85-12DAFF11159C}
		{CCB36016-20F7-4E57-AF97-B24226BFE33C} = {547C9801-7023-4609-AE85-12DAFF11159C}
		{090B5368-708A-43D7-934E-677B13AFEAC7} = {547C9801-7023-4609-AE85-12DAFF11159C}
		{94077A53-BE88-4A14-821D-6BF2C8D83D55} = {547C9801-7023-4609-AE85-12DAFF11159C}
		{56F53493-69D9-4113-A5D1-1ADF5E4FFA5E} = {CCB36016-20F7-4E57-AF97-B24226BFE33C}
		{EA43B986-EC21-4918-97E3-B3C7FD758E5B} = {090B5368-708A-43D7-934E-677B13AFEAC7}
		{9399D186-571E-47AC-8B14-52634E9CFE21} = {94077A53-BE88-4A14-821D-6BF2C8D83D55}
	EndGlobalSection
	GlobalSection(ExtensibilityGlobals) = postSolution
		SolutionGuid = {B2D0E88B-662C-4444-92E6-BD630C85A166}
	EndGlobalSection
EndGlobal
